
Microsoft Visual Studio Solution File, Format Version 12.00
# Visual Studio 15
VisualStudioVersion = 15.0.26430.15
MinimumVisualStudioVersion = 10.0.40219.1
Project("{2150E333-8FDC-42A3-9474-1A3956D46DE8}") = "4. User Experience Layer", "4. User Experience Layer", "{00405DEA-2C88-4DF4-A930-0CD60D87FFC3}"
EndProject
Project("{2150E333-8FDC-42A3-9474-1A3956D46DE8}") = "7. Tests", "7. Tests", "{FEF7E4AB-FE23-457D-85AA-24D9F305D779}"
EndProject
Project("{2150E333-8FDC-42A3-9474-1A3956D46DE8}") = "2. Integration Tests", "2. Integration Tests", "{5FAB39F5-FA1E-41B1-AFDE-C64E65C1C949}"
EndProject
Project("{2150E333-8FDC-42A3-9474-1A3956D46DE8}") = "6. Tools", "6. Tools", "{5A8A0C41-F798-4667-B764-BD18D3EC81CE}"
EndProject
Project("{2150E333-8FDC-42A3-9474-1A3956D46DE8}") = "0. Docs", "0. Docs", "{041A8411-BE88-4E32-8DEA-B7740AF79687}"
	ProjectSection(SolutionItems) = preProject
		0. Docs\1. Registration Flow.vsdx = 0. Docs\1. Registration Flow.vsdx
		0. Docs\2. Database Schema.vsdx = 0. Docs\2. Database Schema.vsdx
	EndProjectSection
EndProject
Project("{2150E333-8FDC-42A3-9474-1A3956D46DE8}") = "5. Infrastructure", "5. Infrastructure", "{94802FE8-D875-4E16-A3F2-94F89C3FBFF5}"
EndProject
Project("{2150E333-8FDC-42A3-9474-1A3956D46DE8}") = "1. Data Access Layer", "1. Data Access Layer", "{FEE1CA50-9F15-480E-BA34-0D4092C8D168}"
EndProject
Project("{2150E333-8FDC-42A3-9474-1A3956D46DE8}") = "2. Business Logic Layer", "2. Business Logic Layer", "{09D599AC-4D7B-4224-A843-337CD702E3B5}"
EndProject
Project("{2150E333-8FDC-42A3-9474-1A3956D46DE8}") = "3. Service Layer", "3. Service Layer", "{26396CBD-24FA-4BF7-ADA1-0D58AE595B80}"
EndProject
Project("{9A19103F-16F7-4668-BE54-9A1E7A4F7556}") = "StuffRescue.Business.Entities", "2. Business Logic Layer\StuffRescue.Business.Entities\StuffRescue.Business.Entities.csproj", "{DB4B1E58-716C-424A-8DC9-C67D44FD6058}"
EndProject
Project("{9A19103F-16F7-4668-BE54-9A1E7A4F7556}") = "StuffRescue.Web", "4. User Experience Layer\StuffRescue.Web\StuffRescue.Web.csproj", "{0FC35108-5A85-4455-8122-89251D7A22E0}"
EndProject
Project("{9A19103F-16F7-4668-BE54-9A1E7A4F7556}") = "Core.Common", "5. Infrastructure\Core.Common\Core.Common.csproj", "{A8D9D57D-FCD5-48E1-AAA4-5A7387739786}"
EndProject
Project("{9A19103F-16F7-4668-BE54-9A1E7A4F7556}") = "Core.Common.Contracts", "5. Infrastructure\Core.Common.Contracts\Core.Common.Contracts.csproj", "{FCDDF09D-7D38-40F2-8C0B-8E6E9C0BE808}"
EndProject
Project("{9092AA53-FB77-4645-B42D-1CCCA6BD08BD}") = "StuffRescue.FeatureToggle", "6. Tools\StuffRescue.FeatureToggle\StuffRescue.FeatureToggle.njsproj", "{C1908BE9-5CD9-49A8-96DA-677FF6E75697}"
EndProject
Project("{9A19103F-16F7-4668-BE54-9A1E7A4F7556}") = "StuffRescue.FeatureToggle.Common", "6. Tools\StuffRescue.FeatureToggle.Common\StuffRescue.FeatureToggle.Common.csproj", "{B924B06D-BB12-41BF-BE0C-92ACA0691233}"
EndProject
Project("{9A19103F-16F7-4668-BE54-9A1E7A4F7556}") = "StuffRescue.FeatureToggle.Shared", "6. Tools\StuffRescue.FeatureToggle.Shared\StuffRescue.FeatureToggle.Shared.csproj", "{7B90C697-B51D-452D-8F25-2B7A87318AE5}"
EndProject
Project("{9A19103F-16F7-4668-BE54-9A1E7A4F7556}") = "StuffRescue.Data", "1. Data Access Layer\StuffRescue.Data\StuffRescue.Data.csproj", "{DD84B405-8208-4133-9A56-95AF24A8B466}"
EndProject
Project("{9A19103F-16F7-4668-BE54-9A1E7A4F7556}") = "StuffRescue.Data.Contracts", "1. Data Access Layer\StuffRescue.Data.Contracts\StuffRescue.Data.Contracts.csproj", "{ECA56743-620F-4FEF-AFC3-21F15602361A}"
EndProject
Project("{9A19103F-16F7-4668-BE54-9A1E7A4F7556}") = "StuffRescue.Web.Tests", "7. Tests\2.Integration Tests\StuffRescue.Web.Tests\StuffRescue.Web.Tests.csproj", "{29ADFBA4-0D06-495D-8FA6-B57B7827EEE6}"
EndProject
Project("{2150E333-8FDC-42A3-9474-1A3956D46DE8}") = "1. Unit Tests", "1. Unit Tests", "{B24615F4-3B25-40A3-A49A-33564A1994FB}"
EndProject
Project("{9A19103F-16F7-4668-BE54-9A1E7A4F7556}") = "StuffRescue.Data.Tests", "7. Tests\1. Unit Tests\StuffRescue.Data.Tests\StuffRescue.Data.Tests.csproj", "{88685CF4-225A-49E4-9625-DEF375BD5B07}"
EndProject
Project("{9A19103F-16F7-4668-BE54-9A1E7A4F7556}") = "StuffRescue.Business.Bootstrapper", "2. Business Logic Layer\StuffRescue.Business.Bootstrapper\StuffRescue.Business.Bootstrapper.csproj", "{F27554F0-4A0D-4942-9088-7774462E40AE}"
EndProject
Project("{9A19103F-16F7-4668-BE54-9A1E7A4F7556}") = "StuffRescue.Data.Common", "1. Data Access Layer\StuffRescue.Data.Common\StuffRescue.Data.Common.csproj", "{FF707BA7-E493-40A8-8C2D-891A554E6F06}"
EndProject
Project("{9A19103F-16F7-4668-BE54-9A1E7A4F7556}") = "StuffRescue.Services", "3. Service Layer\StuffRescue.Services\StuffRescue.Services.csproj", "{5A939A91-9740-4C31-83AF-7F2BC12BA48F}"
EndProject
Global
	GlobalSection(SolutionConfigurationPlatforms) = preSolution
		Debug|Any CPU = Debug|Any CPU
		Release|Any CPU = Release|Any CPU
	EndGlobalSection
	GlobalSection(ProjectConfigurationPlatforms) = postSolution
		{DB4B1E58-716C-424A-8DC9-C67D44FD6058}.Debug|Any CPU.ActiveCfg = Debug|Any CPU
		{DB4B1E58-716C-424A-8DC9-C67D44FD6058}.Debug|Any CPU.Build.0 = Debug|Any CPU
		{DB4B1E58-716C-424A-8DC9-C67D44FD6058}.Release|Any CPU.ActiveCfg = Release|Any CPU
		{DB4B1E58-716C-424A-8DC9-C67D44FD6058}.Release|Any CPU.Build.0 = Release|Any CPU
		{0FC35108-5A85-4455-8122-89251D7A22E0}.Debug|Any CPU.ActiveCfg = Debug|Any CPU
		{0FC35108-5A85-4455-8122-89251D7A22E0}.Debug|Any CPU.Build.0 = Debug|Any CPU
		{0FC35108-5A85-4455-8122-89251D7A22E0}.Release|Any CPU.ActiveCfg = Release|Any CPU
		{0FC35108-5A85-4455-8122-89251D7A22E0}.Release|Any CPU.Build.0 = Release|Any CPU
		{A8D9D57D-FCD5-48E1-AAA4-5A7387739786}.Debug|Any CPU.ActiveCfg = Debug|Any CPU
		{A8D9D57D-FCD5-48E1-AAA4-5A7387739786}.Debug|Any CPU.Build.0 = Debug|Any CPU
		{A8D9D57D-FCD5-48E1-AAA4-5A7387739786}.Release|Any CPU.ActiveCfg = Release|Any CPU
		{A8D9D57D-FCD5-48E1-AAA4-5A7387739786}.Release|Any CPU.Build.0 = Release|Any CPU
		{FCDDF09D-7D38-40F2-8C0B-8E6E9C0BE808}.Debug|Any CPU.ActiveCfg = Debug|Any CPU
		{FCDDF09D-7D38-40F2-8C0B-8E6E9C0BE808}.Debug|Any CPU.Build.0 = Debug|Any CPU
		{FCDDF09D-7D38-40F2-8C0B-8E6E9C0BE808}.Release|Any CPU.ActiveCfg = Release|Any CPU
		{FCDDF09D-7D38-40F2-8C0B-8E6E9C0BE808}.Release|Any CPU.Build.0 = Release|Any CPU
		{C1908BE9-5CD9-49A8-96DA-677FF6E75697}.Debug|Any CPU.ActiveCfg = Debug|Any CPU
		{C1908BE9-5CD9-49A8-96DA-677FF6E75697}.Debug|Any CPU.Build.0 = Debug|Any CPU
		{C1908BE9-5CD9-49A8-96DA-677FF6E75697}.Release|Any CPU.ActiveCfg = Release|Any CPU
		{C1908BE9-5CD9-49A8-96DA-677FF6E75697}.Release|Any CPU.Build.0 = Release|Any CPU
		{B924B06D-BB12-41BF-BE0C-92ACA0691233}.Debug|Any CPU.ActiveCfg = Debug|Any CPU
		{B924B06D-BB12-41BF-BE0C-92ACA0691233}.Debug|Any CPU.Build.0 = Debug|Any CPU
		{B924B06D-BB12-41BF-BE0C-92ACA0691233}.Release|Any CPU.ActiveCfg = Release|Any CPU
		{B924B06D-BB12-41BF-BE0C-92ACA0691233}.Release|Any CPU.Build.0 = Release|Any CPU
		{7B90C697-B51D-452D-8F25-2B7A87318AE5}.Debug|Any CPU.ActiveCfg = Debug|Any CPU
		{7B90C697-B51D-452D-8F25-2B7A87318AE5}.Debug|Any CPU.Build.0 = Debug|Any CPU
		{7B90C697-B51D-452D-8F25-2B7A87318AE5}.Release|Any CPU.ActiveCfg = Release|Any CPU
		{7B90C697-B51D-452D-8F25-2B7A87318AE5}.Release|Any CPU.Build.0 = Release|Any CPU
		{DD84B405-8208-4133-9A56-95AF24A8B466}.Debug|Any CPU.ActiveCfg = Debug|Any CPU
		{DD84B405-8208-4133-9A56-95AF24A8B466}.Debug|Any CPU.Build.0 = Debug|Any CPU
		{DD84B405-8208-4133-9A56-95AF24A8B466}.Release|Any CPU.ActiveCfg = Release|Any CPU
		{DD84B405-8208-4133-9A56-95AF24A8B466}.Release|Any CPU.Build.0 = Release|Any CPU
		{ECA56743-620F-4FEF-AFC3-21F15602361A}.Debug|Any CPU.ActiveCfg = Debug|Any CPU
		{ECA56743-620F-4FEF-AFC3-21F15602361A}.Debug|Any CPU.Build.0 = Debug|Any CPU
		{ECA56743-620F-4FEF-AFC3-21F15602361A}.Release|Any CPU.ActiveCfg = Release|Any CPU
		{ECA56743-620F-4FEF-AFC3-21F15602361A}.Release|Any CPU.Build.0 = Release|Any CPU
		{29ADFBA4-0D06-495D-8FA6-B57B7827EEE6}.Debug|Any CPU.ActiveCfg = Debug|Any CPU
		{29ADFBA4-0D06-495D-8FA6-B57B7827EEE6}.Debug|Any CPU.Build.0 = Debug|Any CPU
		{29ADFBA4-0D06-495D-8FA6-B57B7827EEE6}.Release|Any CPU.ActiveCfg = Release|Any CPU
		{29ADFBA4-0D06-495D-8FA6-B57B7827EEE6}.Release|Any CPU.Build.0 = Release|Any CPU
		{88685CF4-225A-49E4-9625-DEF375BD5B07}.Debug|Any CPU.ActiveCfg = Debug|Any CPU
		{88685CF4-225A-49E4-9625-DEF375BD5B07}.Debug|Any CPU.Build.0 = Debug|Any CPU
		{88685CF4-225A-49E4-9625-DEF375BD5B07}.Release|Any CPU.ActiveCfg = Release|Any CPU
		{88685CF4-225A-49E4-9625-DEF375BD5B07}.Release|Any CPU.Build.0 = Release|Any CPU
		{F27554F0-4A0D-4942-9088-7774462E40AE}.Debug|Any CPU.ActiveCfg = Debug|Any CPU
		{F27554F0-4A0D-4942-9088-7774462E40AE}.Debug|Any CPU.Build.0 = Debug|Any CPU
		{F27554F0-4A0D-4942-9088-7774462E40AE}.Release|Any CPU.ActiveCfg = Release|Any CPU
		{F27554F0-4A0D-4942-9088-7774462E40AE}.Release|Any CPU.Build.0 = Release|Any CPU
		{FF707BA7-E493-40A8-8C2D-891A554E6F06}.Debug|Any CPU.ActiveCfg = Debug|Any CPU
		{FF707BA7-E493-40A8-8C2D-891A554E6F06}.Debug|Any CPU.Build.0 = Debug|Any CPU
		{FF707BA7-E493-40A8-8C2D-891A554E6F06}.Release|Any CPU.ActiveCfg = Release|Any CPU
		{FF707BA7-E493-40A8-8C2D-891A554E6F06}.Release|Any CPU.Build.0 = Release|Any CPU
		{5A939A91-9740-4C31-83AF-7F2BC12BA48F}.Debug|Any CPU.ActiveCfg = Debug|Any CPU
		{5A939A91-9740-4C31-83AF-7F2BC12BA48F}.Debug|Any CPU.Build.0 = Debug|Any CPU
		{5A939A91-9740-4C31-83AF-7F2BC12BA48F}.Release|Any CPU.ActiveCfg = Release|Any CPU
		{5A939A91-9740-4C31-83AF-7F2BC12BA48F}.Release|Any CPU.Build.0 = Release|Any CPU
	EndGlobalSection
	GlobalSection(SolutionProperties) = preSolution
		HideSolutionNode = FALSE
	EndGlobalSection
	GlobalSection(NestedProjects) = preSolution
		{5FAB39F5-FA1E-41B1-AFDE-C64E65C1C949} = {FEF7E4AB-FE23-457D-85AA-24D9F305D779}
		{DB4B1E58-716C-424A-8DC9-C67D44FD6058} = {09D599AC-4D7B-4224-A843-337CD702E3B5}
		{0FC35108-5A85-4455-8122-89251D7A22E0} = {00405DEA-2C88-4DF4-A930-0CD60D87FFC3}
		{A8D9D57D-FCD5-48E1-AAA4-5A7387739786} = {94802FE8-D875-4E16-A3F2-94F89C3FBFF5}
		{FCDDF09D-7D38-40F2-8C0B-8E6E9C0BE808} = {94802FE8-D875-4E16-A3F2-94F89C3FBFF5}
		{C1908BE9-5CD9-49A8-96DA-677FF6E75697} = {5A8A0C41-F798-4667-B764-BD18D3EC81CE}
		{B924B06D-BB12-41BF-BE0C-92ACA0691233} = {5A8A0C41-F798-4667-B764-BD18D3EC81CE}
		{7B90C697-B51D-452D-8F25-2B7A87318AE5} = {5A8A0C41-F798-4667-B764-BD18D3EC81CE}
		{DD84B405-8208-4133-9A56-95AF24A8B466} = {FEE1CA50-9F15-480E-BA34-0D4092C8D168}
		{ECA56743-620F-4FEF-AFC3-21F15602361A} = {FEE1CA50-9F15-480E-BA34-0D4092C8D168}
		{29ADFBA4-0D06-495D-8FA6-B57B7827EEE6} = {5FAB39F5-FA1E-41B1-AFDE-C64E65C1C949}
		{B24615F4-3B25-40A3-A49A-33564A1994FB} = {FEF7E4AB-FE23-457D-85AA-24D9F305D779}
		{88685CF4-225A-49E4-9625-DEF375BD5B07} = {B24615F4-3B25-40A3-A49A-33564A1994FB}
		{F27554F0-4A0D-4942-9088-7774462E40AE} = {09D599AC-4D7B-4224-A843-337CD702E3B5}
		{FF707BA7-E493-40A8-8C2D-891A554E6F06} = {FEE1CA50-9F15-480E-BA34-0D4092C8D168}
		{5A939A91-9740-4C31-83AF-7F2BC12BA48F} = {26396CBD-24FA-4BF7-ADA1-0D58AE595B80}
	EndGlobalSection
EndGlobal
